
Microsoft Visual Studio Solution File, Format Version 12.00
# Visual Studio 15
VisualStudioVersion = 15.0.27703.1
MinimumVisualStudioVersion = 10.0.40219.1
Project("{FAE04EC0-301F-11D3-BF4B-00C04F79EFBC}") = "Hospital management system", "Hospital management system\Hospital management system.csproj", "{7A0DF2EF-6885-47BE-A541-A197B3C2E41F}"
EndProject
Global
	GlobalSection(SolutionConfigurationPlatforms) = preSolution
		Debug|Any CPU = Debug|Any CPU
		Release|Any CPU = Release|Any CPU
	EndGlobalSection
	GlobalSection(ProjectConfigurationPlatforms) = postSolution
		{7A0DF2EF-6885-47BE-A541-A197B3C2E41F}.Debug|Any CPU.ActiveCfg = Debug|Any CPU
		{7A0DF2EF-6885-47BE-A541-A197B3C2E41F}.Debug|Any CPU.Build.0 = Debug|Any CPU
		{7A0DF2EF-6885-47BE-A541-A197B3C2E41F}.Release|Any CPU.ActiveCfg = Release|Any CPU
		{7A0DF2EF-6885-47BE-A541-A197B3C2E41F}.Release|Any CPU.Build.0 = Release|Any CPU
	EndGlobalSection
	GlobalSection(SolutionProperties) = preSolution
		HideSolutionNode = FALSE
	EndGlobalSection
	GlobalSection(ExtensibilityGlobals) = postSolution
		SolutionGuid = {E30BCEB3-C888-42B7-96A8-938F83BD0BA0}
	EndGlobalSection
EndGlobal
